// !$*UTF8*$!
{
	archiveVersion = 1;
	classes = {
	};
	objectVersion = 56;
	objects = {

/* Begin PBXBuildFile section */
		1C64FDE72A0683DF004D49C5 /* AppDelegate.swift in Sources */ = {isa = PBXBuildFile; fileRef = 1C64FDE62A0683DF004D49C5 /* AppDelegate.swift */; };
		1C64FDE92A0683DF004D49C5 /* SceneDelegate.swift in Sources */ = {isa = PBXBuildFile; fileRef = 1C64FDE82A0683DF004D49C5 /* SceneDelegate.swift */; };
		1C64FDEB2A0683DF004D49C5 /* ViewController.swift in Sources */ = {isa = PBXBuildFile; fileRef = 1C64FDEA2A0683DF004D49C5 /* ViewController.swift */; };
		1C64FDEE2A0683DF004D49C5 /* Main.storyboard in Resources */ = {isa = PBXBuildFile; fileRef = 1C64FDEC2A0683DF004D49C5 /* Main.storyboard */; };
		1C64FDF02A0683E0004D49C5 /* Assets.xcassets in Resources */ = {isa = PBXBuildFile; fileRef = 1C64FDEF2A0683E0004D49C5 /* Assets.xcassets */; };
		1C64FDF32A0683E0004D49C5 /* LaunchScreen.storyboard in Resources */ = {isa = PBXBuildFile; fileRef = 1C64FDF12A0683E0004D49C5 /* LaunchScreen.storyboard */; };
		1C64FDFE2A06AE4C004D49C5 /* View.swift in Sources */ = {isa = PBXBuildFile; fileRef = 1C64FDFD2A06AE4C004D49C5 /* View.swift */; };
		1C64FE002A07C53C004D49C5 /* Model.swift in Sources */ = {isa = PBXBuildFile; fileRef = 1C64FDFF2A07C53C004D49C5 /* Model.swift */; };
/* End PBXBuildFile section */

/* Begin PBXFileReference section */
		1C64FDE32A0683DF004D49C5 /* Neobis_iOS_Calculating.app */ = {isa = PBXFileReference; explicitFileType = wrapper.application; includeInIndex = 0; path = Neobis_iOS_Calculating.app; sourceTree = BUILT_PRODUCTS_DIR; };
		1C64FDE62A0683DF004D49C5 /* AppDelegate.swift */ = {isa = PBXFileReference; lastKnownFileType = sourcecode.swift; path = AppDelegate.swift; sourceTree = "<group>"; };
		1C64FDE82A0683DF004D49C5 /* SceneDelegate.swift */ = {isa = PBXFileReference; lastKnownFileType = sourcecode.swift; path = SceneDelegate.swift; sourceTree = "<group>"; };
		1C64FDEA2A0683DF004D49C5 /* ViewController.swift */ = {isa = PBXFileReference; lastKnownFileType = sourcecode.swift; path = ViewController.swift; sourceTree = "<group>"; };
		1C64FDED2A0683DF004D49C5 /* Base */ = {isa = PBXFileReference; lastKnownFileType = file.storyboard; name = Base; path = Base.lproj/Main.storyboard; sourceTree = "<group>"; };
		1C64FDEF2A0683E0004D49C5 /* Assets.xcassets */ = {isa = PBXFileReference; lastKnownFileType = folder.assetcatalog; path = Assets.xcassets; sourceTree = "<group>"; };
		1C64FDF22A0683E0004D49C5 /* Base */ = {isa = PBXFileReference; lastKnownFileType = file.storyboard; name = Base; path = Base.lproj/LaunchScreen.storyboard; sourceTree = "<group>"; };
		1C64FDF42A0683E0004D49C5 /* Info.plist */ = {isa = PBXFileReference; lastKnownFileType = text.plist.xml; path = Info.plist; sourceTree = "<group>"; };
		1C64FDFD2A06AE4C004D49C5 /* View.swift */ = {isa = PBXFileReference; lastKnownFileType = sourcecode.swift; path = View.swift; sourceTree = "<group>"; };
		1C64FDFF2A07C53C004D49C5 /* Model.swift */ = {isa = PBXFileReference; lastKnownFileType = sourcecode.swift; path = Model.swift; sourceTree = "<group>"; };
/* End PBXFileReference section */

/* Begin PBXFrameworksBuildPhase section */
		1C64FDE02A0683DF004D49C5 /* Frameworks */ = {
			isa = PBXFrameworksBuildPhase;
			buildActionMask = 2147483647;
			files = (
			);
			runOnlyForDeploymentPostprocessing = 0;
		};
/* End PBXFrameworksBuildPhase section */

/* Begin PBXGroup section */
		1C64FDDA2A0683DF004D49C5 = {
			isa = PBXGroup;
			children = (
				1C64FDE52A0683DF004D49C5 /* Neobis_iOS_Calculating */,
				1C64FDE42A0683DF004D49C5 /* Products */,
			);
			sourceTree = "<group>";
		};
		1C64FDE42A0683DF004D49C5 /* Products */ = {
			isa = PBXGroup;
			children = (
				1C64FDE32A0683DF004D49C5 /* Neobis_iOS_Calculating.app */,
			);
			name = Products;
			sourceTree = "<group>";
		};
		1C64FDE52A0683DF004D49C5 /* Neobis_iOS_Calculating */ = {
			isa = PBXGroup;
			children = (
				1C64FDFC2A06845B004D49C5 /* Controller */,
				1C64FDFB2A068456004D49C5 /* View */,
				1C64FDFA2A06844B004D49C5 /* Model */,
				1C64FDE62A0683DF004D49C5 /* AppDelegate.swift */,
				1C64FDE82A0683DF004D49C5 /* SceneDelegate.swift */,
				1C64FDEC2A0683DF004D49C5 /* Main.storyboard */,
				1C64FDEF2A0683E0004D49C5 /* Assets.xcassets */,
				1C64FDF12A0683E0004D49C5 /* LaunchScreen.storyboard */,
				1C64FDF42A0683E0004D49C5 /* Info.plist */,
			);
			path = Neobis_iOS_Calculating;
			sourceTree = "<group>";
		};
		1C64FDFA2A06844B004D49C5 /* Model */ = {
			isa = PBXGroup;
			children = (
				1C64FDFF2A07C53C004D49C5 /* Model.swift */,
			);
			path = Model;
			sourceTree = "<group>";
		};
		1C64FDFB2A068456004D49C5 /* View */ = {
			isa = PBXGroup;
			children = (
				1C64FDFD2A06AE4C004D49C5 /* View.swift */,
			);
			path = View;
			sourceTree = "<group>";
		};
		1C64FDFC2A06845B004D49C5 /* Controller */ = {
			isa = PBXGroup;
			children = (
				1C64FDEA2A0683DF004D49C5 /* ViewController.swift */,
			);
			path = Controller;
			sourceTree = "<group>";
		};
/* End PBXGroup section */

/* Begin PBXNativeTarget section */
		1C64FDE22A0683DF004D49C5 /* Neobis_iOS_Calculating */ = {
			isa = PBXNativeTarget;
			buildConfigurationList = 1C64FDF72A0683E0004D49C5 /* Build configuration list for PBXNativeTarget "Neobis_iOS_Calculating" */;
			buildPhases = (
				1C64FDDF2A0683DF004D49C5 /* Sources */,
				1C64FDE02A0683DF004D49C5 /* Frameworks */,
				1C64FDE12A0683DF004D49C5 /* Resources */,
			);
			buildRules = (
			);
			dependencies = (
			);
			name = Neobis_iOS_Calculating;
			productName = Neobis_iOS_Calculating;
			productReference = 1C64FDE32A0683DF004D49C5 /* Neobis_iOS_Calculating.app */;
			productType = "com.apple.product-type.application";
		};
/* End PBXNativeTarget section */

/* Begin PBXProject section */
		1C64FDDB2A0683DF004D49C5 /* Project object */ = {
			isa = PBXProject;
			attributes = {
				BuildIndependentTargetsInParallel = 1;
				LastSwiftUpdateCheck = 1430;
				LastUpgradeCheck = 1430;
				TargetAttributes = {
					1C64FDE22A0683DF004D49C5 = {
						CreatedOnToolsVersion = 14.3;
					};
				};
			};
			buildConfigurationList = 1C64FDDE2A0683DF004D49C5 /* Build configuration list for PBXProject "Neobis_iOS_Calculating" */;
			compatibilityVersion = "Xcode 14.0";
			developmentRegion = en;
			hasScannedForEncodings = 0;
			knownRegions = (
				en,
				Base,
			);
			mainGroup = 1C64FDDA2A0683DF004D49C5;
			productRefGroup = 1C64FDE42A0683DF004D49C5 /* Products */;
			projectDirPath = "";
			projectRoot = "";
			targets = (
				1C64FDE22A0683DF004D49C5 /* Neobis_iOS_Calculating */,
			);
		};
/* End PBXProject section */

/* Begin PBXResourcesBuildPhase section */
		1C64FDE12A0683DF004D49C5 /* Resources */ = {
			isa = PBXResourcesBuildPhase;
			buildActionMask = 2147483647;
			files = (
				1C64FDF32A0683E0004D49C5 /* LaunchScreen.storyboard in Resources */,
				1C64FDF02A0683E0004D49C5 /* Assets.xcassets in Resources */,
				1C64FDEE2A0683DF004D49C5 /* Main.storyboard in Resources */,
			);
			runOnlyForDeploymentPostprocessing = 0;
		};
/* End PBXResourcesBuildPhase section */

/* Begin PBXSourcesBuildPhase section */
		1C64FDDF2A0683DF004D49C5 /* Sources */ = {
			isa = PBXSourcesBuildPhase;
			buildActionMask = 2147483647;
			files = (
				1C64FE002A07C53C004D49C5 /* Model.swift in Sources */,
				1C64FDFE2A06AE4C004D49C5 /* View.swift in Sources */,
				1C64FDEB2A0683DF004D49C5 /* ViewController.swift in Sources */,
				1C64FDE72A0683DF004D49C5 /* AppDelegate.swift in Sources */,
				1C64FDE92A0683DF004D49C5 /* SceneDelegate.swift in Sources */,
			);
			runOnlyForDeploymentPostprocessing = 0;
		};
/* End PBXSourcesBuildPhase section */

/* Begin PBXVariantGroup section */
		1C64FDEC2A0683DF004D49C5 /* Main.storyboard */ = {
			isa = PBXVariantGroup;
			children = (
				1C64FDED2A0683DF004D49C5 /* Base */,
			);
			name = Main.storyboard;
			sourceTree = "<group>";
		};
		1C64FDF12A0683E0004D49C5 /* LaunchScreen.storyboard */ = {
			isa = PBXVariantGroup;
			children = (
				1C64FDF22A0683E0004D49C5 /* Base */,
			);
			name = LaunchScreen.storyboard;
			sourceTree = "<group>";
		};
/* End PBXVariantGroup section */

/* Begin XCBuildConfiguration section */
		1C64FDF52A0683E0004D49C5 /* Debug */ = {
			isa = XCBuildConfiguration;
			buildSettings = {
				ALWAYS_SEARCH_USER_PATHS = NO;
				CLANG_ANALYZER_NONNULL = YES;
				CLANG_ANALYZER_NUMBER_OBJECT_CONVERSION = YES_AGGRESSIVE;
				CLANG_CXX_LANGUAGE_STANDARD = "gnu++20";
				CLANG_ENABLE_MODULES = YES;
				CLANG_ENABLE_OBJC_ARC = YES;
				CLANG_ENABLE_OBJC_WEAK = YES;
				CLANG_WARN_BLOCK_CAPTURE_AUTORELEASING = YES;
				CLANG_WARN_BOOL_CONVERSION = YES;
				CLANG_WARN_COMMA = YES;
				CLANG_WARN_CONSTANT_CONVERSION = YES;
				CLANG_WARN_DEPRECATED_OBJC_IMPLEMENTATIONS = YES;
				CLANG_WARN_DIRECT_OBJC_ISA_USAGE = YES_ERROR;
				CLANG_WARN_DOCUMENTATION_COMMENTS = YES;
				CLANG_WARN_EMPTY_BODY = YES;
				CLANG_WARN_ENUM_CONVERSION = YES;
				CLANG_WARN_INFINITE_RECURSION = YES;
				CLANG_WARN_INT_CONVERSION = YES;
				CLANG_WARN_NON_LITERAL_NULL_CONVERSION = YES;
				CLANG_WARN_OBJC_IMPLICIT_RETAIN_SELF = YES;
				CLANG_WARN_OBJC_LITERAL_CONVERSION = YES;
				CLANG_WARN_OBJC_ROOT_CLASS = YES_ERROR;
				CLANG_WARN_QUOTED_INCLUDE_IN_FRAMEWORK_HEADER = YES;
				CLANG_WARN_RANGE_LOOP_ANALYSIS = YES;
				CLANG_WARN_STRICT_PROTOTYPES = YES;
				CLANG_WARN_SUSPICIOUS_MOVE = YES;
				CLANG_WARN_UNGUARDED_AVAILABILITY = YES_AGGRESSIVE;
				CLANG_WARN_UNREACHABLE_CODE = YES;
				CLANG_WARN__DUPLICATE_METHOD_MATCH = YES;
				COPY_PHASE_STRIP = NO;
				DEBUG_INFORMATION_FORMAT = dwarf;
				ENABLE_STRICT_OBJC_MSGSEND = YES;
				ENABLE_TESTABILITY = YES;
				GCC_C_LANGUAGE_STANDARD = gnu11;
				GCC_DYNAMIC_NO_PIC = NO;
				GCC_NO_COMMON_BLOCKS = YES;
				GCC_OPTIMIZATION_LEVEL = 0;
				GCC_PREPROCESSOR_DEFINITIONS = (
					"DEBUG=1",
					"$(inherited)",
				);
				GCC_WARN_64_TO_32_BIT_CONVERSION = YES;
				GCC_WARN_ABOUT_RETURN_TYPE = YES_ERROR;
				GCC_WARN_UNDECLARED_SELECTOR = YES;
				GCC_WARN_UNINITIALIZED_AUTOS = YES_AGGRESSIVE;
				GCC_WARN_UNUSED_FUNCTION = YES;
				GCC_WARN_UNUSED_VARIABLE = YES;
				IPHONEOS_DEPLOYMENT_TARGET = 16.4;
				MTL_ENABLE_DEBUG_INFO = INCLUDE_SOURCE;
				MTL_FAST_MATH = YES;
				ONLY_ACTIVE_ARCH = YES;
				SDKROOT = iphoneos;
				SWIFT_ACTIVE_COMPILATION_CONDITIONS = DEBUG;
				SWIFT_OPTIMIZATION_LEVEL = "-Onone";
			};
			name = Debug;
		};
		1C64FDF62A0683E0004D49C5 /* Release */ = {
			isa = XCBuildConfiguration;
			buildSettings = {
				ALWAYS_SEARCH_USER_PATHS = NO;
				CLANG_ANALYZER_NONNULL = YES;
				CLANG_ANALYZER_NUMBER_OBJECT_CONVERSION = YES_AGGRESSIVE;
				CLANG_CXX_LANGUAGE_STANDARD = "gnu++20";
				CLANG_ENABLE_MODULES = YES;
				CLANG_ENABLE_OBJC_ARC = YES;
				CLANG_ENABLE_OBJC_WEAK = YES;
				CLANG_WARN_BLOCK_CAPTURE_AUTORELEASING = YES;
				CLANG_WARN_BOOL_CONVERSION = YES;
				CLANG_WARN_COMMA = YES;
				CLANG_WARN_CONSTANT_CONVERSION = YES;
				CLANG_WARN_DEPRECATED_OBJC_IMPLEMENTATIONS = YES;
				CLANG_WARN_DIRECT_OBJC_ISA_USAGE = YES_ERROR;
				CLANG_WARN_DOCUMENTATION_COMMENTS = YES;
				CLANG_WARN_EMPTY_BODY = YES;
				CLANG_WARN_ENUM_CONVERSION = YES;
				CLANG_WARN_INFINITE_RECURSION = YES;
				CLANG_WARN_INT_CONVERSION = YES;
				CLANG_WARN_NON_LITERAL_NULL_CONVERSION = YES;
				CLANG_WARN_OBJC_IMPLICIT_RETAIN_SELF = YES;
				CLANG_WARN_OBJC_LITERAL_CONVERSION = YES;
				CLANG_WARN_OBJC_ROOT_CLASS = YES_ERROR;
				CLANG_WARN_QUOTED_INCLUDE_IN_FRAMEWORK_HEADER = YES;
				CLANG_WARN_RANGE_LOOP_ANALYSIS = YES;
				CLANG_WARN_STRICT_PROTOTYPES = YES;
				CLANG_WARN_SUSPICIOUS_MOVE = YES;
				CLANG_WARN_UNGUARDED_AVAILABILITY = YES_AGGRESSIVE;
				CLANG_WARN_UNREACHABLE_CODE = YES;
				CLANG_WARN__DUPLICATE_METHOD_MATCH = YES;
				COPY_PHASE_STRIP = NO;
				DEBUG_INFORMATION_FORMAT = "dwarf-with-dsym";
				ENABLE_NS_ASSERTIONS = NO;
				ENABLE_STRICT_OBJC_MSGSEND = YES;
				GCC_C_LANGUAGE_STANDARD = gnu11;
				GCC_NO_COMMON_BLOCKS = YES;
				GCC_WARN_64_TO_32_BIT_CONVERSION = YES;
				GCC_WARN_ABOUT_RETURN_TYPE = YES_ERROR;
				GCC_WARN_UNDECLARED_SELECTOR = YES;
				GCC_WARN_UNINITIALIZED_AUTOS = YES_AGGRESSIVE;
				GCC_WARN_UNUSED_FUNCTION = YES;
				GCC_WARN_UNUSED_VARIABLE = YES;
				IPHONEOS_DEPLOYMENT_TARGET = 16.4;
				MTL_ENABLE_DEBUG_INFO = NO;
				MTL_FAST_MATH = YES;
				SDKROOT = iphoneos;
				SWIFT_COMPILATION_MODE = wholemodule;
				SWIFT_OPTIMIZATION_LEVEL = "-O";
				VALIDATE_PRODUCT = YES;
			};
			name = Release;
		};
		1C64FDF82A0683E0004D49C5 /* Debug */ = {
			isa = XCBuildConfiguration;
			buildSettings = {
				ASSETCATALOG_COMPILER_APPICON_NAME = AppIcon;
				ASSETCATALOG_COMPILER_GLOBAL_ACCENT_COLOR_NAME = AccentColor;
				CODE_SIGN_STYLE = Automatic;
				CURRENT_PROJECT_VERSION = 1;
				DEVELOPMENT_TEAM = QDV7MRC2HW;
				GENERATE_INFOPLIST_FILE = YES;
				INFOPLIST_FILE = Neobis_iOS_Calculating/Info.plist;
				INFOPLIST_KEY_UIApplicationSupportsIndirectInputEvents = YES;
				INFOPLIST_KEY_UILaunchStoryboardName = LaunchScreen;
				INFOPLIST_KEY_UIMainStoryboardFile = Main;
				INFOPLIST_KEY_UISupportedInterfaceOrientations_iPad = "UIInterfaceOrientationPortrait UIInterfaceOrientationPortraitUpsideDown UIInterfaceOrientationLandscapeLeft UIInterfaceOrientationLandscapeRight";
				INFOPLIST_KEY_UISupportedInterfaceOrientations_iPhone = "UIInterfaceOrientationPortrait UIInterfaceOrientationLandscapeLeft UIInterfaceOrientationLandscapeRight";
				LD_RUNPATH_SEARCH_PATHS = (
					"$(inherited)",
					"@executable_path/Frameworks",
				);
				MARKETING_VERSION = 1.0;
				PRODUCT_BUNDLE_IDENTIFIER = "aidarrsh.Neobis-iOS-Calculating";
				PRODUCT_NAME = "$(TARGET_NAME)";
				SWIFT_EMIT_LOC_STRINGS = YES;
				SWIFT_VERSION = 5.0;
				TARGETED_DEVICE_FAMILY = "1,2";
			};
			name = Debug;
		};
		1C64FDF92A0683E0004D49C5 /* Release */ = {
			isa = XCBuildConfiguration;
			buildSettings = {
				ASSETCATALOG_COMPILER_APPICON_NAME = AppIcon;
				ASSETCATALOG_COMPILER_GLOBAL_ACCENT_COLOR_NAME = AccentColor;
				CODE_SIGN_STYLE = Automatic;
				CURRENT_PROJECT_VERSION = 1;
				DEVELOPMENT_TEAM = QDV7MRC2HW;
				GENERATE_INFOPLIST_FILE = YES;
				INFOPLIST_FILE = Neobis_iOS_Calculating/Info.plist;
				INFOPLIST_KEY_UIApplicationSupportsIndirectInputEvents = YES;
				INFOPLIST_KEY_UILaunchStoryboardName = LaunchScreen;
				INFOPLIST_KEY_UIMainStoryboardFile = Main;
				INFOPLIST_KEY_UISupportedInterfaceOrientations_iPad = "UIInterfaceOrientationPortrait UIInterfaceOrientationPortraitUpsideDown UIInterfaceOrientationLandscapeLeft UIInterfaceOrientationLandscapeRight";
				INFOPLIST_KEY_UISupportedInterfaceOrientations_iPhone = "UIInterfaceOrientationPortrait UIInterfaceOrientationLandscapeLeft UIInterfaceOrientationLandscapeRight";
				LD_RUNPATH_SEARCH_PATHS = (
					"$(inherited)",
					"@executable_path/Frameworks",
				);
				MARKETING_VERSION = 1.0;
				PRODUCT_BUNDLE_IDENTIFIER = "aidarrsh.Neobis-iOS-Calculating";
				PRODUCT_NAME = "$(TARGET_NAME)";
				SWIFT_EMIT_LOC_STRINGS = YES;
				SWIFT_VERSION = 5.0;
				TARGETED_DEVICE_FAMILY = "1,2";
			};
			name = Release;
		};
/* End XCBuildConfiguration section */

/* Begin XCConfigurationList section */
		1C64FDDE2A0683DF004D49C5 /* Build configuration list for PBXProject "Neobis_iOS_Calculating" */ = {
			isa = XCConfigurationList;
			buildConfigurations = (
				1C64FDF52A0683E0004D49C5 /* Debug */,
				1C64FDF62A0683E0004D49C5 /* Release */,
			);
			defaultConfigurationIsVisible = 0;
			defaultConfigurationName = Release;
		};
		1C64FDF72A0683E0004D49C5 /* Build configuration list for PBXNativeTarget "Neobis_iOS_Calculating" */ = {
			isa = XCConfigurationList;
			buildConfigurations = (
				1C64FDF82A0683E0004D49C5 /* Debug */,
				1C64FDF92A0683E0004D49C5 /* Release */,
			);
			defaultConfigurationIsVisible = 0;
			defaultConfigurationName = Release;
		};
/* End XCConfigurationList section */
	};
	rootObject = 1C64FDDB2A0683DF004D49C5 /* Project object */;
}
